// !$*UTF8*$!
{
	archiveVersion = 1;
	classes = {
	};
	objectVersion = 50;
	objects = {

/* Begin PBXBuildFile section */
		A727A92C24881921008CC881 /* AddClockScreen.swift in Sources */ = {isa = PBXBuildFile; fileRef = A727A92B24881921008CC881 /* AddClockScreen.swift */; };
		A727A92E24881A36008CC881 /* SearchBar.swift in Sources */ = {isa = PBXBuildFile; fileRef = A727A92D24881A36008CC881 /* SearchBar.swift */; };
		A74F235724877BB80039BED3 /* AppDelegate.swift in Sources */ = {isa = PBXBuildFile; fileRef = A74F235624877BB80039BED3 /* AppDelegate.swift */; };
		A74F235924877BB80039BED3 /* SceneDelegate.swift in Sources */ = {isa = PBXBuildFile; fileRef = A74F235824877BB80039BED3 /* SceneDelegate.swift */; };
		A74F235B24877BB80039BED3 /* ContentView.swift in Sources */ = {isa = PBXBuildFile; fileRef = A74F235A24877BB80039BED3 /* ContentView.swift */; };
		A74F235D24877BB90039BED3 /* Assets.xcassets in Resources */ = {isa = PBXBuildFile; fileRef = A74F235C24877BB90039BED3 /* Assets.xcassets */; };
		A74F236024877BB90039BED3 /* Preview Assets.xcassets in Resources */ = {isa = PBXBuildFile; fileRef = A74F235F24877BB90039BED3 /* Preview Assets.xcassets */; };
		A74F236324877BB90039BED3 /* LaunchScreen.storyboard in Resources */ = {isa = PBXBuildFile; fileRef = A74F236124877BB90039BED3 /* LaunchScreen.storyboard */; };
		A74F236E24877BB90039BED3 /* ClockTests.swift in Sources */ = {isa = PBXBuildFile; fileRef = A74F236D24877BB90039BED3 /* ClockTests.swift */; };
		A74F237924877BB90039BED3 /* ClockUITests.swift in Sources */ = {isa = PBXBuildFile; fileRef = A74F237824877BB90039BED3 /* ClockUITests.swift */; };
		A74F2387248782E90039BED3 /* WorldClockScreen.swift in Sources */ = {isa = PBXBuildFile; fileRef = A74F2386248782E90039BED3 /* WorldClockScreen.swift */; };
		A74F238B248786000039BED3 /* WorldClockItem.swift in Sources */ = {isa = PBXBuildFile; fileRef = A74F238A248786000039BED3 /* WorldClockItem.swift */; };
		A74F238E24878BE20039BED3 /* ClockModel.swift in Sources */ = {isa = PBXBuildFile; fileRef = A74F238D24878BE20039BED3 /* ClockModel.swift */; };
		A74F239124878C5E0039BED3 /* Data.swift in Sources */ = {isa = PBXBuildFile; fileRef = A74F239024878C5E0039BED3 /* Data.swift */; };
/* End PBXBuildFile section */

/* Begin PBXContainerItemProxy section */
		A74F236A24877BB90039BED3 /* PBXContainerItemProxy */ = {
			isa = PBXContainerItemProxy;
			containerPortal = A74F234B24877BB80039BED3 /* Project object */;
			proxyType = 1;
			remoteGlobalIDString = A74F235224877BB80039BED3;
			remoteInfo = Clock;
		};
		A74F237524877BB90039BED3 /* PBXContainerItemProxy */ = {
			isa = PBXContainerItemProxy;
			containerPortal = A74F234B24877BB80039BED3 /* Project object */;
			proxyType = 1;
			remoteGlobalIDString = A74F235224877BB80039BED3;
			remoteInfo = Clock;
		};
/* End PBXContainerItemProxy section */

/* Begin PBXFileReference section */
		A727A92B24881921008CC881 /* AddClockScreen.swift */ = {isa = PBXFileReference; lastKnownFileType = sourcecode.swift; path = AddClockScreen.swift; sourceTree = "<group>"; };
		A727A92D24881A36008CC881 /* SearchBar.swift */ = {isa = PBXFileReference; lastKnownFileType = sourcecode.swift; path = SearchBar.swift; sourceTree = "<group>"; };
		A74F235324877BB80039BED3 /* Clock.app */ = {isa = PBXFileReference; explicitFileType = wrapper.application; includeInIndex = 0; path = Clock.app; sourceTree = BUILT_PRODUCTS_DIR; };
		A74F235624877BB80039BED3 /* AppDelegate.swift */ = {isa = PBXFileReference; lastKnownFileType = sourcecode.swift; path = AppDelegate.swift; sourceTree = "<group>"; };
		A74F235824877BB80039BED3 /* SceneDelegate.swift */ = {isa = PBXFileReference; lastKnownFileType = sourcecode.swift; path = SceneDelegate.swift; sourceTree = "<group>"; };
		A74F235A24877BB80039BED3 /* ContentView.swift */ = {isa = PBXFileReference; lastKnownFileType = sourcecode.swift; path = ContentView.swift; sourceTree = "<group>"; };
		A74F235C24877BB90039BED3 /* Assets.xcassets */ = {isa = PBXFileReference; lastKnownFileType = folder.assetcatalog; path = Assets.xcassets; sourceTree = "<group>"; };
		A74F235F24877BB90039BED3 /* Preview Assets.xcassets */ = {isa = PBXFileReference; lastKnownFileType = folder.assetcatalog; path = "Preview Assets.xcassets"; sourceTree = "<group>"; };
		A74F236224877BB90039BED3 /* Base */ = {isa = PBXFileReference; lastKnownFileType = file.storyboard; name = Base; path = Base.lproj/LaunchScreen.storyboard; sourceTree = "<group>"; };
		A74F236424877BB90039BED3 /* Info.plist */ = {isa = PBXFileReference; lastKnownFileType = text.plist.xml; path = Info.plist; sourceTree = "<group>"; };
		A74F236924877BB90039BED3 /* ClockTests.xctest */ = {isa = PBXFileReference; explicitFileType = wrapper.cfbundle; includeInIndex = 0; path = ClockTests.xctest; sourceTree = BUILT_PRODUCTS_DIR; };
		A74F236D24877BB90039BED3 /* ClockTests.swift */ = {isa = PBXFileReference; lastKnownFileType = sourcecode.swift; path = ClockTests.swift; sourceTree = "<group>"; };
		A74F236F24877BB90039BED3 /* Info.plist */ = {isa = PBXFileReference; lastKnownFileType = text.plist.xml; path = Info.plist; sourceTree = "<group>"; };
		A74F237424877BB90039BED3 /* ClockUITests.xctest */ = {isa = PBXFileReference; explicitFileType = wrapper.cfbundle; includeInIndex = 0; path = ClockUITests.xctest; sourceTree = BUILT_PRODUCTS_DIR; };
		A74F237824877BB90039BED3 /* ClockUITests.swift */ = {isa = PBXFileReference; lastKnownFileType = sourcecode.swift; path = ClockUITests.swift; sourceTree = "<group>"; };
		A74F237A24877BB90039BED3 /* Info.plist */ = {isa = PBXFileReference; lastKnownFileType = text.plist.xml; path = Info.plist; sourceTree = "<group>"; };
		A74F2386248782E90039BED3 /* WorldClockScreen.swift */ = {isa = PBXFileReference; lastKnownFileType = sourcecode.swift; path = WorldClockScreen.swift; sourceTree = "<group>"; };
		A74F238A248786000039BED3 /* WorldClockItem.swift */ = {isa = PBXFileReference; lastKnownFileType = sourcecode.swift; path = WorldClockItem.swift; sourceTree = "<group>"; };
		A74F238D24878BE20039BED3 /* ClockModel.swift */ = {isa = PBXFileReference; lastKnownFileType = sourcecode.swift; path = ClockModel.swift; sourceTree = "<group>"; };
		A74F239024878C5E0039BED3 /* Data.swift */ = {isa = PBXFileReference; lastKnownFileType = sourcecode.swift; path = Data.swift; sourceTree = "<group>"; };
/* End PBXFileReference section */

/* Begin PBXFrameworksBuildPhase section */
		A74F235024877BB80039BED3 /* Frameworks */ = {
			isa = PBXFrameworksBuildPhase;
			buildActionMask = 2147483647;
			files = (
			);
			runOnlyForDeploymentPostprocessing = 0;
		};
		A74F236624877BB90039BED3 /* Frameworks */ = {
			isa = PBXFrameworksBuildPhase;
			buildActionMask = 2147483647;
			files = (
			);
			runOnlyForDeploymentPostprocessing = 0;
		};
		A74F237124877BB90039BED3 /* Frameworks */ = {
			isa = PBXFrameworksBuildPhase;
			buildActionMask = 2147483647;
			files = (
			);
			runOnlyForDeploymentPostprocessing = 0;
		};
/* End PBXFrameworksBuildPhase section */

/* Begin PBXGroup section */
		A74F234A24877BB80039BED3 = {
			isa = PBXGroup;
			children = (
				A74F235524877BB80039BED3 /* Clock */,
				A74F236C24877BB90039BED3 /* ClockTests */,
				A74F237724877BB90039BED3 /* ClockUITests */,
				A74F235424877BB80039BED3 /* Products */,
			);
			sourceTree = "<group>";
		};
		A74F235424877BB80039BED3 /* Products */ = {
			isa = PBXGroup;
			children = (
				A74F235324877BB80039BED3 /* Clock.app */,
				A74F236924877BB90039BED3 /* ClockTests.xctest */,
				A74F237424877BB90039BED3 /* ClockUITests.xctest */,
			);
			name = Products;
			sourceTree = "<group>";
		};
		A74F235524877BB80039BED3 /* Clock */ = {
			isa = PBXGroup;
			children = (
				A74F238F24878C4E0039BED3 /* Utils */,
				A74F238C24878BCB0039BED3 /* Models */,
				A74F2389248785EB0039BED3 /* Components */,
				A74F2388248785DC0039BED3 /* Screens */,
				A74F235624877BB80039BED3 /* AppDelegate.swift */,
				A74F235824877BB80039BED3 /* SceneDelegate.swift */,
				A74F235A24877BB80039BED3 /* ContentView.swift */,
				A74F235C24877BB90039BED3 /* Assets.xcassets */,
				A74F236124877BB90039BED3 /* LaunchScreen.storyboard */,
				A74F236424877BB90039BED3 /* Info.plist */,
				A74F235E24877BB90039BED3 /* Preview Content */,
			);
			path = Clock;
			sourceTree = "<group>";
		};
		A74F235E24877BB90039BED3 /* Preview Content */ = {
			isa = PBXGroup;
			children = (
				A74F235F24877BB90039BED3 /* Preview Assets.xcassets */,
			);
			path = "Preview Content";
			sourceTree = "<group>";
		};
		A74F236C24877BB90039BED3 /* ClockTests */ = {
			isa = PBXGroup;
			children = (
				A74F236D24877BB90039BED3 /* ClockTests.swift */,
				A74F236F24877BB90039BED3 /* Info.plist */,
			);
			path = ClockTests;
			sourceTree = "<group>";
		};
		A74F237724877BB90039BED3 /* ClockUITests */ = {
			isa = PBXGroup;
			children = (
				A74F237824877BB90039BED3 /* ClockUITests.swift */,
				A74F237A24877BB90039BED3 /* Info.plist */,
			);
			path = ClockUITests;
			sourceTree = "<group>";
		};
		A74F2388248785DC0039BED3 /* Screens */ = {
			isa = PBXGroup;
			children = (
				A74F2386248782E90039BED3 /* WorldClockScreen.swift */,
				A727A92B24881921008CC881 /* AddClockScreen.swift */,
			);
			path = Screens;
			sourceTree = "<group>";
		};
		A74F2389248785EB0039BED3 /* Components */ = {
			isa = PBXGroup;
			children = (
				A74F238A248786000039BED3 /* WorldClockItem.swift */,
				A727A92D24881A36008CC881 /* SearchBar.swift */,
			);
			path = Components;
			sourceTree = "<group>";
		};
		A74F238C24878BCB0039BED3 /* Models */ = {
			isa = PBXGroup;
			children = (
				A74F238D24878BE20039BED3 /* ClockModel.swift */,
			);
			path = Models;
			sourceTree = "<group>";
		};
		A74F238F24878C4E0039BED3 /* Utils */ = {
			isa = PBXGroup;
			children = (
				A74F239024878C5E0039BED3 /* Data.swift */,
			);
			path = Utils;
			sourceTree = "<group>";
		};
/* End PBXGroup section */

/* Begin PBXNativeTarget section */
		A74F235224877BB80039BED3 /* Clock */ = {
			isa = PBXNativeTarget;
			buildConfigurationList = A74F237D24877BB90039BED3 /* Build configuration list for PBXNativeTarget "Clock" */;
			buildPhases = (
				A74F234F24877BB80039BED3 /* Sources */,
				A74F235024877BB80039BED3 /* Frameworks */,
				A74F235124877BB80039BED3 /* Resources */,
			);
			buildRules = (
			);
			dependencies = (
			);
			name = Clock;
			productName = Clock;
			productReference = A74F235324877BB80039BED3 /* Clock.app */;
			productType = "com.apple.product-type.application";
		};
		A74F236824877BB90039BED3 /* ClockTests */ = {
			isa = PBXNativeTarget;
			buildConfigurationList = A74F238024877BB90039BED3 /* Build configuration list for PBXNativeTarget "ClockTests" */;
			buildPhases = (
				A74F236524877BB90039BED3 /* Sources */,
				A74F236624877BB90039BED3 /* Frameworks */,
				A74F236724877BB90039BED3 /* Resources */,
			);
			buildRules = (
			);
			dependencies = (
				A74F236B24877BB90039BED3 /* PBXTargetDependency */,
			);
			name = ClockTests;
			productName = ClockTests;
			productReference = A74F236924877BB90039BED3 /* ClockTests.xctest */;
			productType = "com.apple.product-type.bundle.unit-test";
		};
		A74F237324877BB90039BED3 /* ClockUITests */ = {
			isa = PBXNativeTarget;
			buildConfigurationList = A74F238324877BB90039BED3 /* Build configuration list for PBXNativeTarget "ClockUITests" */;
			buildPhases = (
				A74F237024877BB90039BED3 /* Sources */,
				A74F237124877BB90039BED3 /* Frameworks */,
				A74F237224877BB90039BED3 /* Resources */,
			);
			buildRules = (
			);
			dependencies = (
				A74F237624877BB90039BED3 /* PBXTargetDependency */,
			);
			name = ClockUITests;
			productName = ClockUITests;
			productReference = A74F237424877BB90039BED3 /* ClockUITests.xctest */;
			productType = "com.apple.product-type.bundle.ui-testing";
		};
/* End PBXNativeTarget section */

/* Begin PBXProject section */
		A74F234B24877BB80039BED3 /* Project object */ = {
			isa = PBXProject;
			attributes = {
				LastSwiftUpdateCheck = 1150;
				LastUpgradeCheck = 1150;
				ORGANIZATIONNAME = Applichic;
				TargetAttributes = {
					A74F235224877BB80039BED3 = {
						CreatedOnToolsVersion = 11.5;
					};
					A74F236824877BB90039BED3 = {
						CreatedOnToolsVersion = 11.5;
						TestTargetID = A74F235224877BB80039BED3;
					};
					A74F237324877BB90039BED3 = {
						CreatedOnToolsVersion = 11.5;
						TestTargetID = A74F235224877BB80039BED3;
					};
				};
			};
			buildConfigurationList = A74F234E24877BB80039BED3 /* Build configuration list for PBXProject "Clock" */;
			compatibilityVersion = "Xcode 9.3";
			developmentRegion = en;
			hasScannedForEncodings = 0;
			knownRegions = (
				en,
				Base,
			);
			mainGroup = A74F234A24877BB80039BED3;
			productRefGroup = A74F235424877BB80039BED3 /* Products */;
			projectDirPath = "";
			projectRoot = "";
			targets = (
				A74F235224877BB80039BED3 /* Clock */,
				A74F236824877BB90039BED3 /* ClockTests */,
				A74F237324877BB90039BED3 /* ClockUITests */,
			);
		};
/* End PBXProject section */

/* Begin PBXResourcesBuildPhase section */
		A74F235124877BB80039BED3 /* Resources */ = {
			isa = PBXResourcesBuildPhase;
			buildActionMask = 2147483647;
			files = (
				A74F236324877BB90039BED3 /* LaunchScreen.storyboard in Resources */,
				A74F236024877BB90039BED3 /* Preview Assets.xcassets in Resources */,
				A74F235D24877BB90039BED3 /* Assets.xcassets in Resources */,
			);
			runOnlyForDeploymentPostprocessing = 0;
		};
		A74F236724877BB90039BED3 /* Resources */ = {
			isa = PBXResourcesBuildPhase;
			buildActionMask = 2147483647;
			files = (
			);
			runOnlyForDeploymentPostprocessing = 0;
		};
		A74F237224877BB90039BED3 /* Resources */ = {
			isa = PBXResourcesBuildPhase;
			buildActionMask = 2147483647;
			files = (
			);
			runOnlyForDeploymentPostprocessing = 0;
		};
/* End PBXResourcesBuildPhase section */

/* Begin PBXSourcesBuildPhase section */
		A74F234F24877BB80039BED3 /* Sources */ = {
			isa = PBXSourcesBuildPhase;
			buildActionMask = 2147483647;
			files = (
				A74F239124878C5E0039BED3 /* Data.swift in Sources */,
				A74F238E24878BE20039BED3 /* ClockModel.swift in Sources */,
				A74F235724877BB80039BED3 /* AppDelegate.swift in Sources */,
				A74F2387248782E90039BED3 /* WorldClockScreen.swift in Sources */,
				A727A92C24881921008CC881 /* AddClockScreen.swift in Sources */,
				A727A92E24881A36008CC881 /* SearchBar.swift in Sources */,
				A74F235924877BB80039BED3 /* SceneDelegate.swift in Sources */,
				A74F235B24877BB80039BED3 /* ContentView.swift in Sources */,
				A74F238B248786000039BED3 /* WorldClockItem.swift in Sources */,
			);
			runOnlyForDeploymentPostprocessing = 0;
		};
		A74F236524877BB90039BED3 /* Sources */ = {
			isa = PBXSourcesBuildPhase;
			buildActionMask = 2147483647;
			files = (
				A74F236E24877BB90039BED3 /* ClockTests.swift in Sources */,
			);
			runOnlyForDeploymentPostprocessing = 0;
		};
		A74F237024877BB90039BED3 /* Sources */ = {
			isa = PBXSourcesBuildPhase;
			buildActionMask = 2147483647;
			files = (
				A74F237924877BB90039BED3 /* ClockUITests.swift in Sources */,
			);
			runOnlyForDeploymentPostprocessing = 0;
		};
/* End PBXSourcesBuildPhase section */

/* Begin PBXTargetDependency section */
		A74F236B24877BB90039BED3 /* PBXTargetDependency */ = {
			isa = PBXTargetDependency;
			target = A74F235224877BB80039BED3 /* Clock */;
			targetProxy = A74F236A24877BB90039BED3 /* PBXContainerItemProxy */;
		};
		A74F237624877BB90039BED3 /* PBXTargetDependency */ = {
			isa = PBXTargetDependency;
			target = A74F235224877BB80039BED3 /* Clock */;
			targetProxy = A74F237524877BB90039BED3 /* PBXContainerItemProxy */;
		};
/* End PBXTargetDependency section */

/* Begin PBXVariantGroup section */
		A74F236124877BB90039BED3 /* LaunchScreen.storyboard */ = {
			isa = PBXVariantGroup;
			children = (
				A74F236224877BB90039BED3 /* Base */,
			);
			name = LaunchScreen.storyboard;
			sourceTree = "<group>";
		};
/* End PBXVariantGroup section */

/* Begin XCBuildConfiguration section */
		A74F237B24877BB90039BED3 /* Debug */ = {
			isa = XCBuildConfiguration;
			buildSettings = {
				ALWAYS_SEARCH_USER_PATHS = NO;
				CLANG_ANALYZER_NONNULL = YES;
				CLANG_ANALYZER_NUMBER_OBJECT_CONVERSION = YES_AGGRESSIVE;
				CLANG_CXX_LANGUAGE_STANDARD = "gnu++14";
				CLANG_CXX_LIBRARY = "libc++";
				CLANG_ENABLE_MODULES = YES;
				CLANG_ENABLE_OBJC_ARC = YES;
				CLANG_ENABLE_OBJC_WEAK = YES;
				CLANG_WARN_BLOCK_CAPTURE_AUTORELEASING = YES;
				CLANG_WARN_BOOL_CONVERSION = YES;
				CLANG_WARN_COMMA = YES;
				CLANG_WARN_CONSTANT_CONVERSION = YES;
				CLANG_WARN_DEPRECATED_OBJC_IMPLEMENTATIONS = YES;
				CLANG_WARN_DIRECT_OBJC_ISA_USAGE = YES_ERROR;
				CLANG_WARN_DOCUMENTATION_COMMENTS = YES;
				CLANG_WARN_EMPTY_BODY = YES;
				CLANG_WARN_ENUM_CONVERSION = YES;
				CLANG_WARN_INFINITE_RECURSION = YES;
				CLANG_WARN_INT_CONVERSION = YES;
				CLANG_WARN_NON_LITERAL_NULL_CONVERSION = YES;
				CLANG_WARN_OBJC_IMPLICIT_RETAIN_SELF = YES;
				CLANG_WARN_OBJC_LITERAL_CONVERSION = YES;
				CLANG_WARN_OBJC_ROOT_CLASS = YES_ERROR;
				CLANG_WARN_RANGE_LOOP_ANALYSIS = YES;
				CLANG_WARN_STRICT_PROTOTYPES = YES;
				CLANG_WARN_SUSPICIOUS_MOVE = YES;
				CLANG_WARN_UNGUARDED_AVAILABILITY = YES_AGGRESSIVE;
				CLANG_WARN_UNREACHABLE_CODE = YES;
				CLANG_WARN__DUPLICATE_METHOD_MATCH = YES;
				COPY_PHASE_STRIP = NO;
				DEBUG_INFORMATION_FORMAT = dwarf;
				ENABLE_STRICT_OBJC_MSGSEND = YES;
				ENABLE_TESTABILITY = YES;
				GCC_C_LANGUAGE_STANDARD = gnu11;
				GCC_DYNAMIC_NO_PIC = NO;
				GCC_NO_COMMON_BLOCKS = YES;
				GCC_OPTIMIZATION_LEVEL = 0;
				GCC_PREPROCESSOR_DEFINITIONS = (
					"DEBUG=1",
					"$(inherited)",
				);
				GCC_WARN_64_TO_32_BIT_CONVERSION = YES;
				GCC_WARN_ABOUT_RETURN_TYPE = YES_ERROR;
				GCC_WARN_UNDECLARED_SELECTOR = YES;
				GCC_WARN_UNINITIALIZED_AUTOS = YES_AGGRESSIVE;
				GCC_WARN_UNUSED_FUNCTION = YES;
				GCC_WARN_UNUSED_VARIABLE = YES;
				IPHONEOS_DEPLOYMENT_TARGET = 13.5;
				MTL_ENABLE_DEBUG_INFO = INCLUDE_SOURCE;
				MTL_FAST_MATH = YES;
				ONLY_ACTIVE_ARCH = YES;
				SDKROOT = iphoneos;
				SWIFT_ACTIVE_COMPILATION_CONDITIONS = DEBUG;
				SWIFT_OPTIMIZATION_LEVEL = "-Onone";
			};
			name = Debug;
		};
		A74F237C24877BB90039BED3 /* Release */ = {
			isa = XCBuildConfiguration;
			buildSettings = {
				ALWAYS_SEARCH_USER_PATHS = NO;
				CLANG_ANALYZER_NONNULL = YES;
				CLANG_ANALYZER_NUMBER_OBJECT_CONVERSION = YES_AGGRESSIVE;
				CLANG_CXX_LANGUAGE_STANDARD = "gnu++14";
				CLANG_CXX_LIBRARY = "libc++";
				CLANG_ENABLE_MODULES = YES;
				CLANG_ENABLE_OBJC_ARC = YES;
				CLANG_ENABLE_OBJC_WEAK = YES;
				CLANG_WARN_BLOCK_CAPTURE_AUTORELEASING = YES;
				CLANG_WARN_BOOL_CONVERSION = YES;
				CLANG_WARN_COMMA = YES;
				CLANG_WARN_CONSTANT_CONVERSION = YES;
				CLANG_WARN_DEPRECATED_OBJC_IMPLEMENTATIONS = YES;
				CLANG_WARN_DIRECT_OBJC_ISA_USAGE = YES_ERROR;
				CLANG_WARN_DOCUMENTATION_COMMENTS = YES;
				CLANG_WARN_EMPTY_BODY = YES;
				CLANG_WARN_ENUM_CONVERSION = YES;
				CLANG_WARN_INFINITE_RECURSION = YES;
				CLANG_WARN_INT_CONVERSION = YES;
				CLANG_WARN_NON_LITERAL_NULL_CONVERSION = YES;
				CLANG_WARN_OBJC_IMPLICIT_RETAIN_SELF = YES;
				CLANG_WARN_OBJC_LITERAL_CONVERSION = YES;
				CLANG_WARN_OBJC_ROOT_CLASS = YES_ERROR;
				CLANG_WARN_RANGE_LOOP_ANALYSIS = YES;
				CLANG_WARN_STRICT_PROTOTYPES = YES;
				CLANG_WARN_SUSPICIOUS_MOVE = YES;
				CLANG_WARN_UNGUARDED_AVAILABILITY = YES_AGGRESSIVE;
				CLANG_WARN_UNREACHABLE_CODE = YES;
				CLANG_WARN__DUPLICATE_METHOD_MATCH = YES;
				COPY_PHASE_STRIP = NO;
				DEBUG_INFORMATION_FORMAT = "dwarf-with-dsym";
				ENABLE_NS_ASSERTIONS = NO;
				ENABLE_STRICT_OBJC_MSGSEND = YES;
				GCC_C_LANGUAGE_STANDARD = gnu11;
				GCC_NO_COMMON_BLOCKS = YES;
				GCC_WARN_64_TO_32_BIT_CONVERSION = YES;
				GCC_WARN_ABOUT_RETURN_TYPE = YES_ERROR;
				GCC_WARN_UNDECLARED_SELECTOR = YES;
				GCC_WARN_UNINITIALIZED_AUTOS = YES_AGGRESSIVE;
				GCC_WARN_UNUSED_FUNCTION = YES;
				GCC_WARN_UNUSED_VARIABLE = YES;
				IPHONEOS_DEPLOYMENT_TARGET = 13.5;
				MTL_ENABLE_DEBUG_INFO = NO;
				MTL_FAST_MATH = YES;
				SDKROOT = iphoneos;
				SWIFT_COMPILATION_MODE = wholemodule;
				SWIFT_OPTIMIZATION_LEVEL = "-O";
				VALIDATE_PRODUCT = YES;
			};
			name = Release;
		};
		A74F237E24877BB90039BED3 /* Debug */ = {
			isa = XCBuildConfiguration;
			buildSettings = {
				ASSETCATALOG_COMPILER_APPICON_NAME = AppIcon;
				CODE_SIGN_STYLE = Automatic;
				DEVELOPMENT_ASSET_PATHS = "\"Clock/Preview Content\"";
				DEVELOPMENT_TEAM = C77NUJVPT9;
				ENABLE_PREVIEWS = YES;
				INFOPLIST_FILE = Clock/Info.plist;
				LD_RUNPATH_SEARCH_PATHS = (
					"$(inherited)",
					"@executable_path/Frameworks",
				);
				PRODUCT_BUNDLE_IDENTIFIER = Applichic.Clock;
				PRODUCT_NAME = "$(TARGET_NAME)";
				SWIFT_VERSION = 5.0;
				TARGETED_DEVICE_FAMILY = "1,2";
			};
			name = Debug;
		};
		A74F237F24877BB90039BED3 /* Release */ = {
			isa = XCBuildConfiguration;
			buildSettings = {
				ASSETCATALOG_COMPILER_APPICON_NAME = AppIcon;
				CODE_SIGN_STYLE = Automatic;
				DEVELOPMENT_ASSET_PATHS = "\"Clock/Preview Content\"";
				DEVELOPMENT_TEAM = C77NUJVPT9;
				ENABLE_PREVIEWS = YES;
				INFOPLIST_FILE = Clock/Info.plist;
				LD_RUNPATH_SEARCH_PATHS = (
					"$(inherited)",
					"@executable_path/Frameworks",
				);
				PRODUCT_BUNDLE_IDENTIFIER = Applichic.Clock;
				PRODUCT_NAME = "$(TARGET_NAME)";
				SWIFT_VERSION = 5.0;
				TARGETED_DEVICE_FAMILY = "1,2";
			};
			name = Release;
		};
		A74F238124877BB90039BED3 /* Debug */ = {
			isa = XCBuildConfiguration;
			buildSettings = {
				ALWAYS_EMBED_SWIFT_STANDARD_LIBRARIES = YES;
				BUNDLE_LOADER = "$(TEST_HOST)";
				CODE_SIGN_STYLE = Automatic;
				DEVELOPMENT_TEAM = C77NUJVPT9;
				INFOPLIST_FILE = ClockTests/Info.plist;
				IPHONEOS_DEPLOYMENT_TARGET = 13.5;
				LD_RUNPATH_SEARCH_PATHS = (
					"$(inherited)",
					"@executable_path/Frameworks",
					"@loader_path/Frameworks",
				);
				PRODUCT_BUNDLE_IDENTIFIER = Applichic.ClockTests;
				PRODUCT_NAME = "$(TARGET_NAME)";
				SWIFT_VERSION = 5.0;
				TARGETED_DEVICE_FAMILY = "1,2";
				TEST_HOST = "$(BUILT_PRODUCTS_DIR)/Clock.app/Clock";
			};
			name = Debug;
		};
		A74F238224877BB90039BED3 /* Release */ = {
			isa = XCBuildConfiguration;
			buildSettings = {
				ALWAYS_EMBED_SWIFT_STANDARD_LIBRARIES = YES;
				BUNDLE_LOADER = "$(TEST_HOST)";
				CODE_SIGN_STYLE = Automatic;
				DEVELOPMENT_TEAM = C77NUJVPT9;
				INFOPLIST_FILE = ClockTests/Info.plist;
				IPHONEOS_DEPLOYMENT_TARGET = 13.5;
				LD_RUNPATH_SEARCH_PATHS = (
					"$(inherited)",
					"@executable_path/Frameworks",
					"@loader_path/Frameworks",
				);
				PRODUCT_BUNDLE_IDENTIFIER = Applichic.ClockTests;
				PRODUCT_NAME = "$(TARGET_NAME)";
				SWIFT_VERSION = 5.0;
				TARGETED_DEVICE_FAMILY = "1,2";
				TEST_HOST = "$(BUILT_PRODUCTS_DIR)/Clock.app/Clock";
			};
			name = Release;
		};
		A74F238424877BB90039BED3 /* Debug */ = {
			isa = XCBuildConfiguration;
			buildSettings = {
				ALWAYS_EMBED_SWIFT_STANDARD_LIBRARIES = YES;
				CODE_SIGN_STYLE = Automatic;
				DEVELOPMENT_TEAM = C77NUJVPT9;
				INFOPLIST_FILE = ClockUITests/Info.plist;
				LD_RUNPATH_SEARCH_PATHS = (
					"$(inherited)",
					"@executable_path/Frameworks",
					"@loader_path/Frameworks",
				);
				PRODUCT_BUNDLE_IDENTIFIER = Applichic.ClockUITests;
				PRODUCT_NAME = "$(TARGET_NAME)";
				SWIFT_VERSION = 5.0;
				TARGETED_DEVICE_FAMILY = "1,2";
				TEST_TARGET_NAME = Clock;
			};
			name = Debug;
		};
		A74F238524877BB90039BED3 /* Release */ = {
			isa = XCBuildConfiguration;
			buildSettings = {
				ALWAYS_EMBED_SWIFT_STANDARD_LIBRARIES = YES;
				CODE_SIGN_STYLE = Automatic;
				DEVELOPMENT_TEAM = C77NUJVPT9;
				INFOPLIST_FILE = ClockUITests/Info.plist;
				LD_RUNPATH_SEARCH_PATHS = (
					"$(inherited)",
					"@executable_path/Frameworks",
					"@loader_path/Frameworks",
				);
				PRODUCT_BUNDLE_IDENTIFIER = Applichic.ClockUITests;
				PRODUCT_NAME = "$(TARGET_NAME)";
				SWIFT_VERSION = 5.0;
				TARGETED_DEVICE_FAMILY = "1,2";
				TEST_TARGET_NAME = Clock;
			};
			name = Release;
		};
/* End XCBuildConfiguration section */

/* Begin XCConfigurationList section */
		A74F234E24877BB80039BED3 /* Build configuration list for PBXProject "Clock" */ = {
			isa = XCConfigurationList;
			buildConfigurations = (
				A74F237B24877BB90039BED3 /* Debug */,
				A74F237C24877BB90039BED3 /* Release */,
			);
			defaultConfigurationIsVisible = 0;
			defaultConfigurationName = Release;
		};
		A74F237D24877BB90039BED3 /* Build configuration list for PBXNativeTarget "Clock" */ = {
			isa = XCConfigurationList;
			buildConfigurations = (
				A74F237E24877BB90039BED3 /* Debug */,
				A74F237F24877BB90039BED3 /* Release */,
			);
			defaultConfigurationIsVisible = 0;
			defaultConfigurationName = Release;
		};
		A74F238024877BB90039BED3 /* Build configuration list for PBXNativeTarget "ClockTests" */ = {
			isa = XCConfigurationList;
			buildConfigurations = (
				A74F238124877BB90039BED3 /* Debug */,
				A74F238224877BB90039BED3 /* Release */,
			);
			defaultConfigurationIsVisible = 0;
			defaultConfigurationName = Release;
		};
		A74F238324877BB90039BED3 /* Build configuration list for PBXNativeTarget "ClockUITests" */ = {
			isa = XCConfigurationList;
			buildConfigurations = (
				A74F238424877BB90039BED3 /* Debug */,
				A74F238524877BB90039BED3 /* Release */,
			);
			defaultConfigurationIsVisible = 0;
			defaultConfigurationName = Release;
		};
/* End XCConfigurationList section */
	};
	rootObject = A74F234B24877BB80039BED3 /* Project object */;
}
